{
  "name": "fancy-florist",
  "version": "1.0.0",
  "lockfileVersion": 3,
  "requires": true,
  "packages": {
    "": {
      "name": "fancy-florist",
      "version": "1.0.0",
      "license": "ISC",
      "dependencies": {
        "playlib": "^0.6.4"
      },
      "devDependencies": {
        "typescript": "^4.8.0"
      }
    },
    "node_modules/playlib": {
      "version": "0.6.8",
      "resolved": "https://registry.npmjs.org/playlib/-/playlib-0.6.8.tgz",
      "integrity": "sha512-HiKJLwqSDmTtEudNJBMEsOtgWy33kPzhrPTLcDhSKhdGjJBNWSnh7ciHOITSKgKfd56qbG7MN0HvctiXKUNz3g==",
      "dependencies": {
        "typescript": "^4.8.4"
      }
    },
    "node_modules/typescript": {
      "version": "4.9.3",
      "resolved": "https://registry.npmjs.org/typescript/-/typescript-4.9.3.tgz",
      "integrity": "sha512-CIfGzTelbKNEnLpLdGFgdyKhG23CKdKgQPOBc+OUNrkJ2vr+KSzsSV5kq5iWhEQbok+quxgGzrAtGWCyU7tHnA==",
      "bin": {
        "tsc": "bin/tsc",
        "tsserver": "bin/tsserver"
      },
      "engines": {
        "node": ">=4.2.0"
      }
    }
  }
}
