{
  "name": "fancy-florist",
  "version": "1.0.0",
  "lockfileVersion": 3,
  "requires": true,
  "packages": {
    "": {
      "name": "fancy-florist",
      "version": "1.0.0",
      "license": "MIT",
      "devDependencies": {
        "typescript": "^4.9.5"
      }
    },
    "node_modules/playlib": {
      "version": "0.6.10",
      "resolved": "https://registry.npmjs.org/playlib/-/playlib-0.6.10.tgz",
      "integrity": "sha512-4OFVy+yFYquQd2LuH3F7V6f1Ey3NNmgBUi5WbFo7EDUmmLzOFTm3Lal+PZkaYg2uvidxaKqPRgCUciV9im7ilA==",
      "dependencies": {
        "typescript": "^4.8.4"
      }
    },
    "node_modules/typescript": {
      "version": "4.9.5",
      "resolved": "https://registry.npmjs.org/typescript/-/typescript-4.9.5.tgz",
      "integrity": "sha512-1FXk9E2Hm+QzZQ7z+McJiHL4NW1F2EzMu9Nq9i3zAaGqibafqYwCVU6WyWAuyQRRzOlxou8xZSyXLEN8oKj24g==",
      "bin": {
        "tsc": "bin/tsc",
        "tsserver": "bin/tsserver"
      },
      "engines": {
        "node": ">=4.2.0"
      }
    }
  }
}
