{
  "name": "fancy-florist",
  "version": "1.0.0",
  "lockfileVersion": 2,
  "requires": true,
  "packages": {
    "": {
      "name": "fancy-florist",
      "version": "1.0.0",
      "license": "ISC",
      "dependencies": {
        "@nikee_dev/gameengine_js": "^0.2.13"
      }
    },
    "node_modules/@nikee_dev/gameengine_js": {
      "version": "0.2.13",
      "license": "MIT"
    }
  },
  "dependencies": {
    "@nikee_dev/gameengine_js": {
      "version": "0.2.13"
    }
  }
}
